
Microsoft Visual Studio Solution File, Format Version 11.00
# Visual Studio 2010
Project("{FAE04EC0-301F-11D3-BF4B-00C04F79EFBC}") = "VMwareHelperLib", "VMwareHelperLib\VMwareHelperLib.csproj", "{38CCCA73-F413-4357-8B6D-80F3BA877FE9}"
EndProject
Global
	GlobalSection(SolutionConfigurationPlatforms) = preSolution
		Debug|Any CPU = Debug|Any CPU
		Release|Any CPU = Release|Any CPU
	EndGlobalSection
	GlobalSection(ProjectConfigurationPlatforms) = postSolution
		{38CCCA73-F413-4357-8B6D-80F3BA877FE9}.Debug|Any CPU.ActiveCfg = Debug|Any CPU
		{38CCCA73-F413-4357-8B6D-80F3BA877FE9}.Debug|Any CPU.Build.0 = Debug|Any CPU
		{38CCCA73-F413-4357-8B6D-80F3BA877FE9}.Release|Any CPU.ActiveCfg = Release|Any CPU
		{38CCCA73-F413-4357-8B6D-80F3BA877FE9}.Release|Any CPU.Build.0 = Release|Any CPU
	EndGlobalSection
	GlobalSection(SolutionProperties) = preSolution
		HideSolutionNode = FALSE
	EndGlobalSection
EndGlobal
