
Microsoft Visual Studio Solution File, Format Version 11.00
# Visual Studio 2010
Project("{FAE04EC0-301F-11D3-BF4B-00C04F79EFBC}") = "MtWilsonHttpAuthorization", "MtWilsonAuthorization\MtWilsonHttpAuthorization.csproj", "{13B3055D-C69C-404D-B7A2-070CDF263B37}"
EndProject
Project("{FAE04EC0-301F-11D3-BF4B-00C04F79EFBC}") = "TestProject1", "TestProject1\TestProject1.csproj", "{FCFE5C23-9AD8-45B3-8C99-C3CF4F6DF71B}"
EndProject
Project("{2150E333-8FDC-42A3-9474-1A3956D46DE8}") = "Solution Items", "Solution Items", "{A474B9BA-0D57-45C3-8D22-00326972F6B4}"
	ProjectSection(SolutionItems) = preProject
		Local.testsettings = Local.testsettings
		MtWilsonAuthorization.vsmdi = MtWilsonAuthorization.vsmdi
		TraceAndTestImpact.testsettings = TraceAndTestImpact.testsettings
	EndProjectSection
EndProject
Global
	GlobalSection(TestCaseManagementSettings) = postSolution
		CategoryFile = MtWilsonAuthorization.vsmdi
	EndGlobalSection
	GlobalSection(SolutionConfigurationPlatforms) = preSolution
		Debug|Any CPU = Debug|Any CPU
		Release|Any CPU = Release|Any CPU
	EndGlobalSection
	GlobalSection(ProjectConfigurationPlatforms) = postSolution
		{13B3055D-C69C-404D-B7A2-070CDF263B37}.Debug|Any CPU.ActiveCfg = Debug|Any CPU
		{13B3055D-C69C-404D-B7A2-070CDF263B37}.Debug|Any CPU.Build.0 = Debug|Any CPU
		{13B3055D-C69C-404D-B7A2-070CDF263B37}.Release|Any CPU.ActiveCfg = Release|Any CPU
		{13B3055D-C69C-404D-B7A2-070CDF263B37}.Release|Any CPU.Build.0 = Release|Any CPU
		{FCFE5C23-9AD8-45B3-8C99-C3CF4F6DF71B}.Debug|Any CPU.ActiveCfg = Debug|Any CPU
		{FCFE5C23-9AD8-45B3-8C99-C3CF4F6DF71B}.Debug|Any CPU.Build.0 = Debug|Any CPU
		{FCFE5C23-9AD8-45B3-8C99-C3CF4F6DF71B}.Release|Any CPU.ActiveCfg = Release|Any CPU
		{FCFE5C23-9AD8-45B3-8C99-C3CF4F6DF71B}.Release|Any CPU.Build.0 = Release|Any CPU
	EndGlobalSection
	GlobalSection(SolutionProperties) = preSolution
		HideSolutionNode = FALSE
	EndGlobalSection
EndGlobal
