
Microsoft Visual Studio Solution File, Format Version 12.00
# Visual Studio 2013
VisualStudioVersion = 12.0.31101.0
MinimumVisualStudioVersion = 10.0.40219.1
Project("{54435603-DBB4-11D2-8724-00A0C9A8B90C}") = "TrustAgentinstaller", "installer\installer.vdproj", "{9E8C173F-F2B3-4435-900D-0AA23474B7B1}"
EndProject
Global
	GlobalSection(SolutionConfigurationPlatforms) = preSolution
		Debug|Default = Debug|Default
		Release|Default = Release|Default
	EndGlobalSection
	GlobalSection(ProjectConfigurationPlatforms) = postSolution
		{9E8C173F-F2B3-4435-900D-0AA23474B7B1}.Debug|Default.ActiveCfg = Debug
		{9E8C173F-F2B3-4435-900D-0AA23474B7B1}.Release|Default.ActiveCfg = Release
		{9E8C173F-F2B3-4435-900D-0AA23474B7B1}.Release|Default.Build.0 = Release
		{9E8C173F-F2B3-4435-900D-0AA23474B7B1}.Release|Default.Deploy.0 = Release
	EndGlobalSection
	GlobalSection(SolutionProperties) = preSolution
		HideSolutionNode = FALSE
	EndGlobalSection
EndGlobal
